{
  "name": "shipit-common",
  "version": "0.0.1",
  "lockfileVersion": 1,
  "requires": true,
  "dependencies": {
    "callsite": {
      "version": "1.0.0",
      "resolved": "https://registry.npmjs.org/callsite/-/callsite-1.0.0.tgz",
      "integrity": "sha1-KAOY5dZkvXQDi28JBRU+borxvCA="
    },
    "coffeescript": {
      "version": "2.5.1",
      "resolved": "https://registry.npmjs.org/coffeescript/-/coffeescript-2.5.1.tgz",
      "integrity": "sha512-J2jRPX0eeFh5VKyVnoLrfVFgLZtnnmp96WQSLAS8OrLm2wtQLcnikYKe1gViJKDH7vucjuhHvBKKBP3rKcD1tQ=="
    },
    "lodash": {
      "version": "4.17.21",
      "resolved": "https://registry.npmjs.org/lodash/-/lodash-4.17.21.tgz",
      "integrity": "sha512-v2kDEe57lecTulaDIuNTPy3Ry4gLGJ6Z1O3vE1krgXZNrsQ+LFTGHVxVjcXPs17LhbZVGedAJv8XZ1tvj5FvSg=="
    },
    "shipit-utils": {
      "version": "1.4.1",
      "resolved": "https://registry.npmjs.org/shipit-utils/-/shipit-utils-1.4.1.tgz",
      "integrity": "sha512-paGSq1cY/41clRD7SGekWsl981XiOHoU3Oj0in/4QGo8I8WP9Z2xqkhl2OxwTLVbaHcg+RdBEEq4zzC4dZAzCA==",
      "requires": {
        "lodash": "^4.17.11"
      }
    }
  }
}
